
Microsoft Visual Studio Solution File, Format Version 12.00
# Visual Studio Version 17
VisualStudioVersion = 17.2.32505.173
MinimumVisualStudioVersion = 10.0.40219.1
Project("{FAE04EC0-301F-11D3-BF4B-00C04F79EFBC}") = "HashTable", "HashTable\HashTable.csproj", "{E7A5BA6A-94B9-47BD-9889-C3080EEB7EF3}"
EndProject
Global
	GlobalSection(SolutionConfigurationPlatforms) = preSolution
		Debug|Any CPU = Debug|Any CPU
		Release|Any CPU = Release|Any CPU
	EndGlobalSection
	GlobalSection(ProjectConfigurationPlatforms) = postSolution
		{E7A5BA6A-94B9-47BD-9889-C3080EEB7EF3}.Debug|Any CPU.ActiveCfg = Debug|Any CPU
		{E7A5BA6A-94B9-47BD-9889-C3080EEB7EF3}.Debug|Any CPU.Build.0 = Debug|Any CPU
		{E7A5BA6A-94B9-47BD-9889-C3080EEB7EF3}.Release|Any CPU.ActiveCfg = Release|Any CPU
		{E7A5BA6A-94B9-47BD-9889-C3080EEB7EF3}.Release|Any CPU.Build.0 = Release|Any CPU
	EndGlobalSection
	GlobalSection(SolutionProperties) = preSolution
		HideSolutionNode = FALSE
	EndGlobalSection
	GlobalSection(ExtensibilityGlobals) = postSolution
		SolutionGuid = {B40A8313-FD07-45EF-8561-E40CD3FB5688}
	EndGlobalSection
EndGlobal
